
Microsoft Visual Studio Solution File, Format Version 12.00
# Visual Studio Version 16
VisualStudioVersion = 16.0.30517.126
MinimumVisualStudioVersion = 10.0.40219.1
Project("{FAE04EC0-301F-11D3-BF4B-00C04F79EFBC}") = "SalesWebMvc", "SalesWebMvc\SalesWebMvc.csproj", "{772F617B-58A0-44C9-86E5-34DC1D40BC28}"
EndProject
Global
	GlobalSection(SolutionConfigurationPlatforms) = preSolution
		Debug|Any CPU = Debug|Any CPU
		Release|Any CPU = Release|Any CPU
	EndGlobalSection
	GlobalSection(ProjectConfigurationPlatforms) = postSolution
		{772F617B-58A0-44C9-86E5-34DC1D40BC28}.Debug|Any CPU.ActiveCfg = Debug|Any CPU
		{772F617B-58A0-44C9-86E5-34DC1D40BC28}.Debug|Any CPU.Build.0 = Debug|Any CPU
		{772F617B-58A0-44C9-86E5-34DC1D40BC28}.Release|Any CPU.ActiveCfg = Release|Any CPU
		{772F617B-58A0-44C9-86E5-34DC1D40BC28}.Release|Any CPU.Build.0 = Release|Any CPU
	EndGlobalSection
	GlobalSection(SolutionProperties) = preSolution
		HideSolutionNode = FALSE
	EndGlobalSection
	GlobalSection(ExtensibilityGlobals) = postSolution
		SolutionGuid = {4F418B0C-DAD7-4E2A-BB55-33467B6A296A}
	EndGlobalSection
EndGlobal
